Microsoft Visual Studio Solution File, Format Version 11.00
# Visual Studio 2010
Project("{F184B08F-C81C-45F6-A57F-5ABD9991F28F}") = "RIAInstantFeedbackCRUD", "RIAInstantFeedbackCRUD\RIAInstantFeedbackCRUD.vbproj", "{AF66EB63-5304-4F27-B996-C62245BAAF68}"
	ProjectSection(ProjectDependencies) = postProject
		{D0AEA3C6-DE76-48DA-A2E2-39ECE753746B} = {D0AEA3C6-DE76-48DA-A2E2-39ECE753746B}
	EndProjectSection
EndProject
Project("{F184B08F-C81C-45F6-A57F-5ABD9991F28F}") = "RIAInstantFeedbackCRUD.Web", "RIAInstantFeedbackCRUD.Web\RIAInstantFeedbackCRUD.Web.vbproj", "{D0AEA3C6-DE76-48DA-A2E2-39ECE753746B}"
EndProject
Global
	GlobalSection(SolutionConfigurationPlatforms) = preSolution
		Debug|Any CPU = Debug|Any CPU
		Release|Any CPU = Release|Any CPU
	EndGlobalSection
	GlobalSection(ProjectConfigurationPlatforms) = postSolution
		{AF66EB63-5304-4F27-B996-C62245BAAF68}.Debug|Any CPU.ActiveCfg = Debug|Any CPU
		{AF66EB63-5304-4F27-B996-C62245BAAF68}.Debug|Any CPU.Build.0 = Debug|Any CPU
		{AF66EB63-5304-4F27-B996-C62245BAAF68}.Release|Any CPU.ActiveCfg = Release|Any CPU
		{AF66EB63-5304-4F27-B996-C62245BAAF68}.Release|Any CPU.Build.0 = Release|Any CPU
		{D0AEA3C6-DE76-48DA-A2E2-39ECE753746B}.Debug|Any CPU.ActiveCfg = Debug|Any CPU
		{D0AEA3C6-DE76-48DA-A2E2-39ECE753746B}.Debug|Any CPU.Build.0 = Debug|Any CPU
		{D0AEA3C6-DE76-48DA-A2E2-39ECE753746B}.Release|Any CPU.ActiveCfg = Release|Any CPU
		{D0AEA3C6-DE76-48DA-A2E2-39ECE753746B}.Release|Any CPU.Build.0 = Release|Any CPU
	EndGlobalSection
	GlobalSection(SolutionProperties) = preSolution
		HideSolutionNode = FALSE
	EndGlobalSection
EndGlobal
